
Microsoft Visual Studio Solution File, Format Version 12.00
# Visual Studio Version 17
VisualStudioVersion = 17.4.33110.190
MinimumVisualStudioVersion = 10.0.40219.1
Project("{9A19103F-16F7-4668-BE54-9A1E7A4F7556}") = "SuperShop.Web", "SuperShop.Web\SuperShop.Web.csproj", "{4CDCEC38-E431-44C9-B200-F597F7A22C72}"
EndProject
Project("{FAE04EC0-301F-11D3-BF4B-00C04F79EFBC}") = "SuperShop.Prism", "SuperShop.Prism\SuperShop.Prism\SuperShop.Prism.csproj", "{939634BA-993E-4435-B788-B4897B925471}"
EndProject
Project("{FAE04EC0-301F-11D3-BF4B-00C04F79EFBC}") = "SuperShop.Prism.Android", "SuperShop.Prism\SuperShop.Prism.Android\SuperShop.Prism.Android.csproj", "{E80C62CE-5C9E-4C12-9116-E12B0B0100D7}"
EndProject
Project("{FAE04EC0-301F-11D3-BF4B-00C04F79EFBC}") = "SuperShop.Prism.iOS", "SuperShop.Prism\SuperShop.Prism.iOS\SuperShop.Prism.iOS.csproj", "{52FDCD2E-CCF8-4A5F-B1D8-09B9DEAEEC51}"
EndProject
Global
	GlobalSection(SolutionConfigurationPlatforms) = preSolution
		Ad-Hoc|Any CPU = Ad-Hoc|Any CPU
		Ad-Hoc|iPhone = Ad-Hoc|iPhone
		Ad-Hoc|iPhoneSimulator = Ad-Hoc|iPhoneSimulator
		AppStore|Any CPU = AppStore|Any CPU
		AppStore|iPhone = AppStore|iPhone
		AppStore|iPhoneSimulator = AppStore|iPhoneSimulator
		Debug|Any CPU = Debug|Any CPU
		Debug|iPhone = Debug|iPhone
		Debug|iPhoneSimulator = Debug|iPhoneSimulator
		Release|Any CPU = Release|Any CPU
		Release|iPhone = Release|iPhone
		Release|iPhoneSimulator = Release|iPhoneSimulator
	EndGlobalSection
	GlobalSection(ProjectConfigurationPlatforms) = postSolution
		{4CDCEC38-E431-44C9-B200-F597F7A22C72}.Ad-Hoc|Any CPU.ActiveCfg = Release|Any CPU
		{4CDCEC38-E431-44C9-B200-F597F7A22C72}.Ad-Hoc|Any CPU.Build.0 = Release|Any CPU
		{4CDCEC38-E431-44C9-B200-F597F7A22C72}.Ad-Hoc|iPhone.ActiveCfg = Release|Any CPU
		{4CDCEC38-E431-44C9-B200-F597F7A22C72}.Ad-Hoc|iPhone.Build.0 = Release|Any CPU
		{4CDCEC38-E431-44C9-B200-F597F7A22C72}.Ad-Hoc|iPhoneSimulator.ActiveCfg = Release|Any CPU
		{4CDCEC38-E431-44C9-B200-F597F7A22C72}.Ad-Hoc|iPhoneSimulator.Build.0 = Release|Any CPU
		{4CDCEC38-E431-44C9-B200-F597F7A22C72}.AppStore|Any CPU.ActiveCfg = Release|Any CPU
		{4CDCEC38-E431-44C9-B200-F597F7A22C72}.AppStore|Any CPU.Build.0 = Release|Any CPU
		{4CDCEC38-E431-44C9-B200-F597F7A22C72}.AppStore|iPhone.ActiveCfg = Release|Any CPU
		{4CDCEC38-E431-44C9-B200-F597F7A22C72}.AppStore|iPhone.Build.0 = Release|Any CPU
		{4CDCEC38-E431-44C9-B200-F597F7A22C72}.AppStore|iPhoneSimulator.ActiveCfg = Release|Any CPU
		{4CDCEC38-E431-44C9-B200-F597F7A22C72}.AppStore|iPhoneSimulator.Build.0 = Release|Any CPU
		{4CDCEC38-E431-44C9-B200-F597F7A22C72}.Debug|Any CPU.ActiveCfg = Debug|Any CPU
		{4CDCEC38-E431-44C9-B200-F597F7A22C72}.Debug|Any CPU.Build.0 = Debug|Any CPU
		{4CDCEC38-E431-44C9-B200-F597F7A22C72}.Debug|iPhone.ActiveCfg = Debug|Any CPU
		{4CDCEC38-E431-44C9-B200-F597F7A22C72}.Debug|iPhone.Build.0 = Debug|Any CPU
		{4CDCEC38-E431-44C9-B200-F597F7A22C72}.Debug|iPhoneSimulator.ActiveCfg = Debug|Any CPU
		{4CDCEC38-E431-44C9-B200-F597F7A22C72}.Debug|iPhoneSimulator.Build.0 = Debug|Any CPU
		{4CDCEC38-E431-44C9-B200-F597F7A22C72}.Release|Any CPU.ActiveCfg = Release|Any CPU
		{4CDCEC38-E431-44C9-B200-F597F7A22C72}.Release|Any CPU.Build.0 = Release|Any CPU
		{4CDCEC38-E431-44C9-B200-F597F7A22C72}.Release|iPhone.ActiveCfg = Release|Any CPU
		{4CDCEC38-E431-44C9-B200-F597F7A22C72}.Release|iPhone.Build.0 = Release|Any CPU
		{4CDCEC38-E431-44C9-B200-F597F7A22C72}.Release|iPhoneSimulator.ActiveCfg = Release|Any CPU
		{4CDCEC38-E431-44C9-B200-F597F7A22C72}.Release|iPhoneSimulator.Build.0 = Release|Any CPU
		{939634BA-993E-4435-B788-B4897B925471}.Ad-Hoc|Any CPU.ActiveCfg = Debug|Any CPU
		{939634BA-993E-4435-B788-B4897B925471}.Ad-Hoc|Any CPU.Build.0 = Debug|Any CPU
		{939634BA-993E-4435-B788-B4897B925471}.Ad-Hoc|iPhone.ActiveCfg = Debug|Any CPU
		{939634BA-993E-4435-B788-B4897B925471}.Ad-Hoc|iPhone.Build.0 = Debug|Any CPU
		{939634BA-993E-4435-B788-B4897B925471}.Ad-Hoc|iPhoneSimulator.ActiveCfg = Debug|Any CPU
		{939634BA-993E-4435-B788-B4897B925471}.Ad-Hoc|iPhoneSimulator.Build.0 = Debug|Any CPU
		{939634BA-993E-4435-B788-B4897B925471}.AppStore|Any CPU.ActiveCfg = Debug|Any CPU
		{939634BA-993E-4435-B788-B4897B925471}.AppStore|Any CPU.Build.0 = Debug|Any CPU
		{939634BA-993E-4435-B788-B4897B925471}.AppStore|iPhone.ActiveCfg = Debug|Any CPU
		{939634BA-993E-4435-B788-B4897B925471}.AppStore|iPhone.Build.0 = Debug|Any CPU
		{939634BA-993E-4435-B788-B4897B925471}.AppStore|iPhoneSimulator.ActiveCfg = Debug|Any CPU
		{939634BA-993E-4435-B788-B4897B925471}.AppStore|iPhoneSimulator.Build.0 = Debug|Any CPU
		{939634BA-993E-4435-B788-B4897B925471}.Debug|Any CPU.ActiveCfg = Debug|Any CPU
		{939634BA-993E-4435-B788-B4897B925471}.Debug|Any CPU.Build.0 = Debug|Any CPU
		{939634BA-993E-4435-B788-B4897B925471}.Debug|iPhone.ActiveCfg = Debug|Any CPU
		{939634BA-993E-4435-B788-B4897B925471}.Debug|iPhone.Build.0 = Debug|Any CPU
		{939634BA-993E-4435-B788-B4897B925471}.Debug|iPhoneSimulator.ActiveCfg = Debug|Any CPU
		{939634BA-993E-4435-B788-B4897B925471}.Debug|iPhoneSimulator.Build.0 = Debug|Any CPU
		{939634BA-993E-4435-B788-B4897B925471}.Release|Any CPU.ActiveCfg = Release|Any CPU
		{939634BA-993E-4435-B788-B4897B925471}.Release|Any CPU.Build.0 = Release|Any CPU
		{939634BA-993E-4435-B788-B4897B925471}.Release|iPhone.ActiveCfg = Release|Any CPU
		{939634BA-993E-4435-B788-B4897B925471}.Release|iPhone.Build.0 = Release|Any CPU
		{939634BA-993E-4435-B788-B4897B925471}.Release|iPhoneSimulator.ActiveCfg = Release|Any CPU
		{939634BA-993E-4435-B788-B4897B925471}.Release|iPhoneSimulator.Build.0 = Release|Any CPU
		{E80C62CE-5C9E-4C12-9116-E12B0B0100D7}.Ad-Hoc|Any CPU.ActiveCfg = Debug|Any CPU
		{E80C62CE-5C9E-4C12-9116-E12B0B0100D7}.Ad-Hoc|Any CPU.Build.0 = Debug|Any CPU
		{E80C62CE-5C9E-4C12-9116-E12B0B0100D7}.Ad-Hoc|Any CPU.Deploy.0 = Debug|Any CPU
		{E80C62CE-5C9E-4C12-9116-E12B0B0100D7}.Ad-Hoc|iPhone.ActiveCfg = Debug|Any CPU
		{E80C62CE-5C9E-4C12-9116-E12B0B0100D7}.Ad-Hoc|iPhone.Build.0 = Debug|Any CPU
		{E80C62CE-5C9E-4C12-9116-E12B0B0100D7}.Ad-Hoc|iPhone.Deploy.0 = Debug|Any CPU
		{E80C62CE-5C9E-4C12-9116-E12B0B0100D7}.Ad-Hoc|iPhoneSimulator.ActiveCfg = Debug|Any CPU
		{E80C62CE-5C9E-4C12-9116-E12B0B0100D7}.Ad-Hoc|iPhoneSimulator.Build.0 = Debug|Any CPU
		{E80C62CE-5C9E-4C12-9116-E12B0B0100D7}.Ad-Hoc|iPhoneSimulator.Deploy.0 = Debug|Any CPU
		{E80C62CE-5C9E-4C12-9116-E12B0B0100D7}.AppStore|Any CPU.ActiveCfg = Debug|Any CPU
		{E80C62CE-5C9E-4C12-9116-E12B0B0100D7}.AppStore|Any CPU.Build.0 = Debug|Any CPU
		{E80C62CE-5C9E-4C12-9116-E12B0B0100D7}.AppStore|Any CPU.Deploy.0 = Debug|Any CPU
		{E80C62CE-5C9E-4C12-9116-E12B0B0100D7}.AppStore|iPhone.ActiveCfg = Debug|Any CPU
		{E80C62CE-5C9E-4C12-9116-E12B0B0100D7}.AppStore|iPhone.Build.0 = Debug|Any CPU
		{E80C62CE-5C9E-4C12-9116-E12B0B0100D7}.AppStore|iPhone.Deploy.0 = Debug|Any CPU
		{E80C62CE-5C9E-4C12-9116-E12B0B0100D7}.AppStore|iPhoneSimulator.ActiveCfg = Debug|Any CPU
		{E80C62CE-5C9E-4C12-9116-E12B0B0100D7}.AppStore|iPhoneSimulator.Build.0 = Debug|Any CPU
		{E80C62CE-5C9E-4C12-9116-E12B0B0100D7}.AppStore|iPhoneSimulator.Deploy.0 = Debug|Any CPU
		{E80C62CE-5C9E-4C12-9116-E12B0B0100D7}.Debug|Any CPU.ActiveCfg = Debug|Any CPU
		{E80C62CE-5C9E-4C12-9116-E12B0B0100D7}.Debug|Any CPU.Build.0 = Debug|Any CPU
		{E80C62CE-5C9E-4C12-9116-E12B0B0100D7}.Debug|Any CPU.Deploy.0 = Debug|Any CPU
		{E80C62CE-5C9E-4C12-9116-E12B0B0100D7}.Debug|iPhone.ActiveCfg = Debug|Any CPU
		{E80C62CE-5C9E-4C12-9116-E12B0B0100D7}.Debug|iPhone.Build.0 = Debug|Any CPU
		{E80C62CE-5C9E-4C12-9116-E12B0B0100D7}.Debug|iPhone.Deploy.0 = Debug|Any CPU
		{E80C62CE-5C9E-4C12-9116-E12B0B0100D7}.Debug|iPhoneSimulator.ActiveCfg = Debug|Any CPU
		{E80C62CE-5C9E-4C12-9116-E12B0B0100D7}.Debug|iPhoneSimulator.Build.0 = Debug|Any CPU
		{E80C62CE-5C9E-4C12-9116-E12B0B0100D7}.Debug|iPhoneSimulator.Deploy.0 = Debug|Any CPU
		{E80C62CE-5C9E-4C12-9116-E12B0B0100D7}.Release|Any CPU.ActiveCfg = Release|Any CPU
		{E80C62CE-5C9E-4C12-9116-E12B0B0100D7}.Release|Any CPU.Build.0 = Release|Any CPU
		{E80C62CE-5C9E-4C12-9116-E12B0B0100D7}.Release|Any CPU.Deploy.0 = Release|Any CPU
		{E80C62CE-5C9E-4C12-9116-E12B0B0100D7}.Release|iPhone.ActiveCfg = Release|Any CPU
		{E80C62CE-5C9E-4C12-9116-E12B0B0100D7}.Release|iPhone.Build.0 = Release|Any CPU
		{E80C62CE-5C9E-4C12-9116-E12B0B0100D7}.Release|iPhone.Deploy.0 = Release|Any CPU
		{E80C62CE-5C9E-4C12-9116-E12B0B0100D7}.Release|iPhoneSimulator.ActiveCfg = Release|Any CPU
		{E80C62CE-5C9E-4C12-9116-E12B0B0100D7}.Release|iPhoneSimulator.Build.0 = Release|Any CPU
		{E80C62CE-5C9E-4C12-9116-E12B0B0100D7}.Release|iPhoneSimulator.Deploy.0 = Release|Any CPU
		{52FDCD2E-CCF8-4A5F-B1D8-09B9DEAEEC51}.Ad-Hoc|Any CPU.ActiveCfg = Ad-Hoc|iPhoneSimulator
		{52FDCD2E-CCF8-4A5F-B1D8-09B9DEAEEC51}.Ad-Hoc|Any CPU.Build.0 = Ad-Hoc|iPhoneSimulator
		{52FDCD2E-CCF8-4A5F-B1D8-09B9DEAEEC51}.Ad-Hoc|iPhone.ActiveCfg = Ad-Hoc|iPhone
		{52FDCD2E-CCF8-4A5F-B1D8-09B9DEAEEC51}.Ad-Hoc|iPhone.Build.0 = Ad-Hoc|iPhone
		{52FDCD2E-CCF8-4A5F-B1D8-09B9DEAEEC51}.Ad-Hoc|iPhoneSimulator.ActiveCfg = Ad-Hoc|iPhoneSimulator
		{52FDCD2E-CCF8-4A5F-B1D8-09B9DEAEEC51}.Ad-Hoc|iPhoneSimulator.Build.0 = Ad-Hoc|iPhoneSimulator
		{52FDCD2E-CCF8-4A5F-B1D8-09B9DEAEEC51}.AppStore|Any CPU.ActiveCfg = AppStore|iPhoneSimulator
		{52FDCD2E-CCF8-4A5F-B1D8-09B9DEAEEC51}.AppStore|Any CPU.Build.0 = AppStore|iPhoneSimulator
		{52FDCD2E-CCF8-4A5F-B1D8-09B9DEAEEC51}.AppStore|iPhone.ActiveCfg = AppStore|iPhone
		{52FDCD2E-CCF8-4A5F-B1D8-09B9DEAEEC51}.AppStore|iPhone.Build.0 = AppStore|iPhone
		{52FDCD2E-CCF8-4A5F-B1D8-09B9DEAEEC51}.AppStore|iPhoneSimulator.ActiveCfg = AppStore|iPhoneSimulator
		{52FDCD2E-CCF8-4A5F-B1D8-09B9DEAEEC51}.AppStore|iPhoneSimulator.Build.0 = AppStore|iPhoneSimulator
		{52FDCD2E-CCF8-4A5F-B1D8-09B9DEAEEC51}.Debug|Any CPU.ActiveCfg = Debug|iPhoneSimulator
		{52FDCD2E-CCF8-4A5F-B1D8-09B9DEAEEC51}.Debug|Any CPU.Build.0 = Debug|iPhoneSimulator
		{52FDCD2E-CCF8-4A5F-B1D8-09B9DEAEEC51}.Debug|iPhone.ActiveCfg = Debug|iPhone
		{52FDCD2E-CCF8-4A5F-B1D8-09B9DEAEEC51}.Debug|iPhone.Build.0 = Debug|iPhone
		{52FDCD2E-CCF8-4A5F-B1D8-09B9DEAEEC51}.Debug|iPhoneSimulator.ActiveCfg = Debug|iPhoneSimulator
		{52FDCD2E-CCF8-4A5F-B1D8-09B9DEAEEC51}.Debug|iPhoneSimulator.Build.0 = Debug|iPhoneSimulator
		{52FDCD2E-CCF8-4A5F-B1D8-09B9DEAEEC51}.Release|Any CPU.ActiveCfg = Release|iPhoneSimulator
		{52FDCD2E-CCF8-4A5F-B1D8-09B9DEAEEC51}.Release|Any CPU.Build.0 = Release|iPhoneSimulator
		{52FDCD2E-CCF8-4A5F-B1D8-09B9DEAEEC51}.Release|iPhone.ActiveCfg = Release|iPhone
		{52FDCD2E-CCF8-4A5F-B1D8-09B9DEAEEC51}.Release|iPhone.Build.0 = Release|iPhone
		{52FDCD2E-CCF8-4A5F-B1D8-09B9DEAEEC51}.Release|iPhoneSimulator.ActiveCfg = Release|iPhoneSimulator
		{52FDCD2E-CCF8-4A5F-B1D8-09B9DEAEEC51}.Release|iPhoneSimulator.Build.0 = Release|iPhoneSimulator
	EndGlobalSection
	GlobalSection(SolutionProperties) = preSolution
		HideSolutionNode = FALSE
	EndGlobalSection
	GlobalSection(ExtensibilityGlobals) = postSolution
		SolutionGuid = {CFCAC76A-E969-441E-985F-654E7EFC2CAE}
	EndGlobalSection
EndGlobal
